
Microsoft Visual Studio Solution File, Format Version 12.00
# Visual Studio Version 16
VisualStudioVersion = 16.0.28803.352
MinimumVisualStudioVersion = 10.0.40219.1
Project("{FAE04EC0-301F-11D3-BF4B-00C04F79EFBC}") = "ToDoApp", "ToDoApp\ToDoApp.csproj", "{EBE729AC-14FC-4F23-BAAE-A7F0A3DED41F}"
EndProject
Global
	GlobalSection(SolutionConfigurationPlatforms) = preSolution
		Debug|Any CPU = Debug|Any CPU
		Release|Any CPU = Release|Any CPU
	EndGlobalSection
	GlobalSection(ProjectConfigurationPlatforms) = postSolution
		{EBE729AC-14FC-4F23-BAAE-A7F0A3DED41F}.Debug|Any CPU.ActiveCfg = Debug|Any CPU
		{EBE729AC-14FC-4F23-BAAE-A7F0A3DED41F}.Debug|Any CPU.Build.0 = Debug|Any CPU
		{EBE729AC-14FC-4F23-BAAE-A7F0A3DED41F}.Release|Any CPU.ActiveCfg = Release|Any CPU
		{EBE729AC-14FC-4F23-BAAE-A7F0A3DED41F}.Release|Any CPU.Build.0 = Release|Any CPU
	EndGlobalSection
	GlobalSection(SolutionProperties) = preSolution
		HideSolutionNode = FALSE
	EndGlobalSection
	GlobalSection(ExtensibilityGlobals) = postSolution
		SolutionGuid = {7B19A2B3-93E9-4801-9B48-7269DFC9EEC6}
	EndGlobalSection
EndGlobal
